<?xml version="1.0" encoding="utf-8"?>
<Project ToolsVersion="4.0" xmlns="http://schemas.microsoft.com/developer/msbuild/2003">
  <ItemGroup>
    <Filter Include="Game">
      <UniqueIdentifier>{d6671896-2c6c-462f-84cb-e3b92a4bf284}</UniqueIdentifier>
    </Filter>
    <Filter Include="EntryPoint">
      <UniqueIdentifier>{a68cce93-1c04-424f-a6af-e0a226b523ac}</UniqueIdentifier>
    </Filter>
  </ItemGroup>
  <ItemGroup>
    <ClCompile Include="TriviaGame.cpp">
      <Filter>EntryPoint</Filter>
    </ClCompile>
    <ClCompile Include="pch.cpp">
      <Filter>Game</Filter>
    </ClCompile>
    <ClCompile Include="Game\TriviaBase.cpp">
      <Filter>Game</Filter>
    </ClCompile>
    <ClCompile Include="Game\MultiChoice.cpp">
      <Filter>Game</Filter>
    </ClCompile>
    <ClCompile Include="Game\SingleChoice.cpp">
      <Filter>Game</Filter>
    </ClCompile>
    <ClCompile Include="Game\TextAnswer.cpp">
      <Filter>Game</Filter>
    </ClCompile>
    <ClCompile Include="TriviaFactory.cpp">
      <Filter>EntryPoint</Filter>
    </ClCompile>
  </ItemGroup>
  <ItemGroup>
    <ClInclude Include="pch.h">
      <Filter>Game</Filter>
    </ClInclude>
    <ClInclude Include="Game\TriviaBase.h">
      <Filter>Game</Filter>
    </ClInclude>
    <ClInclude Include="Game\MultiChoice.h">
      <Filter>Game</Filter>
    </ClInclude>
    <ClInclude Include="Game\SingleChoice.h">
      <Filter>Game</Filter>
    </ClInclude>
    <ClInclude Include="Game\TextAnswer.h">
      <Filter>Game</Filter>
    </ClInclude>
    <ClInclude Include="TriviaFactory.h">
      <Filter>EntryPoint</Filter>
    </ClInclude>
  </ItemGroup>
</Project>